
Microsoft Visual Studio Solution File, Format Version 12.00
# Visual Studio Version 16
VisualStudioVersion = 16.0.31515.178
MinimumVisualStudioVersion = 10.0.40219.1
Project("{9A19103F-16F7-4668-BE54-9A1E7A4F7556}") = "MicroAutomation.Log", "Projects\Log\Src\MicroAutomation.Log.csproj", "{18D33D46-C187-4272-8FFE-0F8E4C96163D}"
EndProject
Global
	GlobalSection(SolutionConfigurationPlatforms) = preSolution
		Debug|Any CPU = Debug|Any CPU
		Release|Any CPU = Release|Any CPU
	EndGlobalSection
	GlobalSection(ProjectConfigurationPlatforms) = postSolution
		{18D33D46-C187-4272-8FFE-0F8E4C96163D}.Debug|Any CPU.ActiveCfg = Debug|Any CPU
		{18D33D46-C187-4272-8FFE-0F8E4C96163D}.Debug|Any CPU.Build.0 = Debug|Any CPU
		{18D33D46-C187-4272-8FFE-0F8E4C96163D}.Release|Any CPU.ActiveCfg = Release|Any CPU
		{18D33D46-C187-4272-8FFE-0F8E4C96163D}.Release|Any CPU.Build.0 = Release|Any CPU
	EndGlobalSection
	GlobalSection(SolutionProperties) = preSolution
		HideSolutionNode = FALSE
	EndGlobalSection
	GlobalSection(ExtensibilityGlobals) = postSolution
		SolutionGuid = {4B03C488-1E99-44D6-BECF-2A00D665AF60}
	EndGlobalSection
EndGlobal
